
Microsoft Visual Studio Solution File, Format Version 12.00
# Visual Studio Version 17
VisualStudioVersion = 17.4.33213.308
MinimumVisualStudioVersion = 10.0.40219.1
Project("{FAE04EC0-301F-11D3-BF4B-00C04F79EFBC}") = "Thesis", "Thesis\Thesis.csproj", "{FFD94EEB-15A2-4230-B296-FF103C24D808}"
EndProject
Global
	GlobalSection(SolutionConfigurationPlatforms) = preSolution
		Debug|Any CPU = Debug|Any CPU
		Release|Any CPU = Release|Any CPU
	EndGlobalSection
	GlobalSection(ProjectConfigurationPlatforms) = postSolution
		{FFD94EEB-15A2-4230-B296-FF103C24D808}.Debug|Any CPU.ActiveCfg = Debug|Any CPU
		{FFD94EEB-15A2-4230-B296-FF103C24D808}.Debug|Any CPU.Build.0 = Debug|Any CPU
		{FFD94EEB-15A2-4230-B296-FF103C24D808}.Release|Any CPU.ActiveCfg = Release|Any CPU
		{FFD94EEB-15A2-4230-B296-FF103C24D808}.Release|Any CPU.Build.0 = Release|Any CPU
	EndGlobalSection
	GlobalSection(SolutionProperties) = preSolution
		HideSolutionNode = FALSE
	EndGlobalSection
	GlobalSection(ExtensibilityGlobals) = postSolution
		SolutionGuid = {0EE58015-5BD4-4985-93F1-C6679B089761}
	EndGlobalSection
EndGlobal
